GEM
  remote: https://rubygems.org/
  specs:
    bashcov (3.2.0)
      simplecov (~> 0.21)
    docile (1.4.1)
    rexml (3.4.4)
    simplecov (0.22.0)
      docile (~> 1.1)
      simplecov-html (~> 0.11)
      simplecov_json_formatter (~> 0.1)
    simplecov-cobertura (2.1.0)
      rexml
      simplecov (~> 0.19)
    simplecov-html (0.13.2)
    simplecov_json_formatter (0.1.4)

PLATFORMS
  arm64-darwin-24
  ruby

DEPENDENCIES
  bashcov (~> 3.1)
  simplecov (~> 0.22)
  simplecov-cobertura (~> 2.1)

BUNDLED WITH
   2.7.1
